
Microsoft Visual Studio Solution File, Format Version 12.00
# Visual Studio Version 17
VisualStudioVersion = 17.4.33213.308
MinimumVisualStudioVersion = 10.0.40219.1
Project("{FAE04EC0-301F-11D3-BF4B-00C04F79EFBC}") = "PrismModuleExample1", "PrismModuleExample1\PrismModuleExample1.csproj", "{CAD34F77-8530-42B3-AD3C-A61C35E3366F}"
EndProject
Project("{FAE04EC0-301F-11D3-BF4B-00C04F79EFBC}") = "ModuleA", "ModuleA\ModuleA.csproj", "{9DB753A6-0E9A-4DDA-93D8-A1E09E2C746A}"
EndProject
Project("{FAE04EC0-301F-11D3-BF4B-00C04F79EFBC}") = "ModuleB", "ModuleB\ModuleB.csproj", "{EA004F4C-CE36-478E-8CF8-A1F850677D63}"
EndProject
Global
	GlobalSection(SolutionConfigurationPlatforms) = preSolution
		Debug|Any CPU = Debug|Any CPU
		Release|Any CPU = Release|Any CPU
	EndGlobalSection
	GlobalSection(ProjectConfigurationPlatforms) = postSolution
		{CAD34F77-8530-42B3-AD3C-A61C35E3366F}.Debug|Any CPU.ActiveCfg = Debug|Any CPU
		{CAD34F77-8530-42B3-AD3C-A61C35E3366F}.Debug|Any CPU.Build.0 = Debug|Any CPU
		{CAD34F77-8530-42B3-AD3C-A61C35E3366F}.Release|Any CPU.ActiveCfg = Release|Any CPU
		{CAD34F77-8530-42B3-AD3C-A61C35E3366F}.Release|Any CPU.Build.0 = Release|Any CPU
		{9DB753A6-0E9A-4DDA-93D8-A1E09E2C746A}.Debug|Any CPU.ActiveCfg = Debug|Any CPU
		{9DB753A6-0E9A-4DDA-93D8-A1E09E2C746A}.Debug|Any CPU.Build.0 = Debug|Any CPU
		{9DB753A6-0E9A-4DDA-93D8-A1E09E2C746A}.Release|Any CPU.ActiveCfg = Release|Any CPU
		{9DB753A6-0E9A-4DDA-93D8-A1E09E2C746A}.Release|Any CPU.Build.0 = Release|Any CPU
		{EA004F4C-CE36-478E-8CF8-A1F850677D63}.Debug|Any CPU.ActiveCfg = Debug|Any CPU
		{EA004F4C-CE36-478E-8CF8-A1F850677D63}.Debug|Any CPU.Build.0 = Debug|Any CPU
		{EA004F4C-CE36-478E-8CF8-A1F850677D63}.Release|Any CPU.ActiveCfg = Release|Any CPU
		{EA004F4C-CE36-478E-8CF8-A1F850677D63}.Release|Any CPU.Build.0 = Release|Any CPU
	EndGlobalSection
	GlobalSection(SolutionProperties) = preSolution
		HideSolutionNode = FALSE
	EndGlobalSection
	GlobalSection(ExtensibilityGlobals) = postSolution
		SolutionGuid = {D73A33B1-7951-4CDA-8F29-D0A8D97EB439}
	EndGlobalSection
EndGlobal
