
Microsoft Visual Studio Solution File, Format Version 12.00
# Visual Studio Version 17
VisualStudioVersion = 17.4.33213.308
MinimumVisualStudioVersion = 10.0.40219.1
Project("{FAE04EC0-301F-11D3-BF4B-00C04F79EFBC}") = "PrismNavigationExample", "PrismNavigationExample\PrismNavigationExample.csproj", "{5902DA97-24E4-412C-ADC5-850880CDA43D}"
EndProject
Project("{FAE04EC0-301F-11D3-BF4B-00C04F79EFBC}") = "ModuleA", "ModuleA\ModuleA.csproj", "{1DEF710E-8F21-48CD-9458-ECBA02BBB5F7}"
EndProject
Project("{FAE04EC0-301F-11D3-BF4B-00C04F79EFBC}") = "ModuleB", "ModuleB\ModuleB.csproj", "{DD384C76-EF5F-40A9-A366-4D6B9CB17734}"
EndProject
Global
	GlobalSection(SolutionConfigurationPlatforms) = preSolution
		Debug|Any CPU = Debug|Any CPU
		Release|Any CPU = Release|Any CPU
	EndGlobalSection
	GlobalSection(ProjectConfigurationPlatforms) = postSolution
		{5902DA97-24E4-412C-ADC5-850880CDA43D}.Debug|Any CPU.ActiveCfg = Debug|Any CPU
		{5902DA97-24E4-412C-ADC5-850880CDA43D}.Debug|Any CPU.Build.0 = Debug|Any CPU
		{5902DA97-24E4-412C-ADC5-850880CDA43D}.Release|Any CPU.ActiveCfg = Release|Any CPU
		{5902DA97-24E4-412C-ADC5-850880CDA43D}.Release|Any CPU.Build.0 = Release|Any CPU
		{1DEF710E-8F21-48CD-9458-ECBA02BBB5F7}.Debug|Any CPU.ActiveCfg = Debug|Any CPU
		{1DEF710E-8F21-48CD-9458-ECBA02BBB5F7}.Debug|Any CPU.Build.0 = Debug|Any CPU
		{1DEF710E-8F21-48CD-9458-ECBA02BBB5F7}.Release|Any CPU.ActiveCfg = Release|Any CPU
		{1DEF710E-8F21-48CD-9458-ECBA02BBB5F7}.Release|Any CPU.Build.0 = Release|Any CPU
		{DD384C76-EF5F-40A9-A366-4D6B9CB17734}.Debug|Any CPU.ActiveCfg = Debug|Any CPU
		{DD384C76-EF5F-40A9-A366-4D6B9CB17734}.Debug|Any CPU.Build.0 = Debug|Any CPU
		{DD384C76-EF5F-40A9-A366-4D6B9CB17734}.Release|Any CPU.ActiveCfg = Release|Any CPU
		{DD384C76-EF5F-40A9-A366-4D6B9CB17734}.Release|Any CPU.Build.0 = Release|Any CPU
	EndGlobalSection
	GlobalSection(SolutionProperties) = preSolution
		HideSolutionNode = FALSE
	EndGlobalSection
	GlobalSection(ExtensibilityGlobals) = postSolution
		SolutionGuid = {5F33604F-0C64-44CE-9EB6-CEAFE0B7DC94}
	EndGlobalSection
EndGlobal
